
Microsoft Visual Studio Solution File, Format Version 12.00
# Visual Studio Version 17
VisualStudioVersion = 17.7.34024.191
MinimumVisualStudioVersion = 10.0.40219.1
Project("{FAE04EC0-301F-11D3-BF4B-00C04F79EFBC}") = "BankaTakipSim", "BankaTakipSim\BankaTakipSim.csproj", "{BA136151-DA2D-4F0D-A72A-C2BAB886B6B4}"
EndProject
Global
	GlobalSection(SolutionConfigurationPlatforms) = preSolution
		Debug|Any CPU = Debug|Any CPU
		Release|Any CPU = Release|Any CPU
	EndGlobalSection
	GlobalSection(ProjectConfigurationPlatforms) = postSolution
		{BA136151-DA2D-4F0D-A72A-C2BAB886B6B4}.Debug|Any CPU.ActiveCfg = Debug|Any CPU
		{BA136151-DA2D-4F0D-A72A-C2BAB886B6B4}.Debug|Any CPU.Build.0 = Debug|Any CPU
		{BA136151-DA2D-4F0D-A72A-C2BAB886B6B4}.Release|Any CPU.ActiveCfg = Release|Any CPU
		{BA136151-DA2D-4F0D-A72A-C2BAB886B6B4}.Release|Any CPU.Build.0 = Release|Any CPU
	EndGlobalSection
	GlobalSection(SolutionProperties) = preSolution
		HideSolutionNode = FALSE
	EndGlobalSection
	GlobalSection(ExtensibilityGlobals) = postSolution
		SolutionGuid = {57D2C914-3B2A-4900-AD32-EF826AACAB0D}
	EndGlobalSection
EndGlobal
